{
    "type": "module"
},
{
  "requires": true,
  "lockfileVersion": 1,
  "dependencies": {
    "jquery-csv": {
      "version": "1.0.11",
      "resolved": "https://registry.npmjs.org/jquery-csv/-/jquery-csv-1.0.11.tgz",
      "integrity": "sha512-KDPc3wFLTFO68p/4IqsODZCjBp+y9axDa/pr36pDKrWk6yyHf8Nk1FqAGXvaUb6H7J1zJSYszABIFj0a40QXRA=="
    },
    "lodash": {
      "version": "4.17.20",
      "resolved": "https://registry.npmjs.org/lodash/-/lodash-4.17.20.tgz",
      "integrity": "sha512-PlhdFcillOINfeV7Ni6oF1TAEayyZBoZ8bcshTHqOYJYlrqzRK5hagpagky5o4HfCzzd1TRkXPMFq6cKk9rGmA=="
    },
    "z-score": {
      "version": "1.0.5",
      "resolved": "https://registry.npmjs.org/z-score/-/z-score-1.0.5.tgz",
      "integrity": "sha1-36NsbjN4ILkwRrp9pMwngnGwgNw=",
      "requires": {
        "lodash": "^4.10.0"
      }
    }
  }
}
